// !$*UTF8*$!
{
	archiveVersion = 1;
	classes = {
	};
	objectVersion = 56;
	objects = {

/* Begin PBXBuildFile section */
		A9587CF12AB3290E006E9DED /* OnBoarding4.swift in Sources */ = {isa = PBXBuildFile; fileRef = A9587CF02AB3290E006E9DED /* OnBoarding4.swift */; };
		A9C36F482AB1D54B005854C8 /* swipeF.mp3 in Resources */ = {isa = PBXBuildFile; fileRef = A9C36F412AB1D54A005854C8 /* swipeF.mp3 */; };
		A9C36F492AB1D54B005854C8 /* swipe1.mp3 in Resources */ = {isa = PBXBuildFile; fileRef = A9C36F422AB1D54A005854C8 /* swipe1.mp3 */; };
		A9C36F4A2AB1D54B005854C8 /* long.mp3 in Resources */ = {isa = PBXBuildFile; fileRef = A9C36F432AB1D54A005854C8 /* long.mp3 */; };
		A9C36F4B2AB1D54B005854C8 /* base2.mp3 in Resources */ = {isa = PBXBuildFile; fileRef = A9C36F442AB1D54A005854C8 /* base2.mp3 */; };
		A9C36F4C2AB1D54B005854C8 /* base1.mp3 in Resources */ = {isa = PBXBuildFile; fileRef = A9C36F452AB1D54A005854C8 /* base1.mp3 */; };
		A9C36F4D2AB1D54B005854C8 /* piano.mp3 in Resources */ = {isa = PBXBuildFile; fileRef = A9C36F462AB1D54A005854C8 /* piano.mp3 */; };
		A9C36F4E2AB1D54B005854C8 /* rootNote.mp3 in Resources */ = {isa = PBXBuildFile; fileRef = A9C36F472AB1D54B005854C8 /* rootNote.mp3 */; };
		AF278EB82AAFAC7E0095DA92 /* Kodchasan-ExtraLight.ttf in Resources */ = {isa = PBXBuildFile; fileRef = AF278EAD2AAFAC7D0095DA92 /* Kodchasan-ExtraLight.ttf */; };
		AF278EB92AAFAC7E0095DA92 /* Kodchasan-ExtraLightItalic.ttf in Resources */ = {isa = PBXBuildFile; fileRef = AF278EAE2AAFAC7D0095DA92 /* Kodchasan-ExtraLightItalic.ttf */; };
		AF278EBA2AAFAC7E0095DA92 /* Kodchasan-Italic.ttf in Resources */ = {isa = PBXBuildFile; fileRef = AF278EAF2AAFAC7D0095DA92 /* Kodchasan-Italic.ttf */; };
		AF278EBB2AAFAC7E0095DA92 /* Kodchasan-BoldItalic.ttf in Resources */ = {isa = PBXBuildFile; fileRef = AF278EB02AAFAC7D0095DA92 /* Kodchasan-BoldItalic.ttf */; };
		AF278EBC2AAFAC7E0095DA92 /* Kodchasan-Light.ttf in Resources */ = {isa = PBXBuildFile; fileRef = AF278EB12AAFAC7D0095DA92 /* Kodchasan-Light.ttf */; };
		AF278EBD2AAFAC7E0095DA92 /* Kodchasan-SemiBold.ttf in Resources */ = {isa = PBXBuildFile; fileRef = AF278EB22AAFAC7D0095DA92 /* Kodchasan-SemiBold.ttf */; };
		AF278EBE2AAFAC7E0095DA92 /* Kodchasan-SemiBoldItalic.ttf in Resources */ = {isa = PBXBuildFile; fileRef = AF278EB32AAFAC7D0095DA92 /* Kodchasan-SemiBoldItalic.ttf */; };
		AF278EBF2AAFAC7E0095DA92 /* Kodchasan-LightItalic.ttf in Resources */ = {isa = PBXBuildFile; fileRef = AF278EB42AAFAC7E0095DA92 /* Kodchasan-LightItalic.ttf */; };
		AF278EC02AAFAC7E0095DA92 /* Kodchasan-Regular.ttf in Resources */ = {isa = PBXBuildFile; fileRef = AF278EB52AAFAC7E0095DA92 /* Kodchasan-Regular.ttf */; };
		AF278EC12AAFAC7E0095DA92 /* Kodchasan-Medium.ttf in Resources */ = {isa = PBXBuildFile; fileRef = AF278EB62AAFAC7E0095DA92 /* Kodchasan-Medium.ttf */; };
		AF278EC22AAFAC7E0095DA92 /* Kodchasan-MediumItalic.ttf in Resources */ = {isa = PBXBuildFile; fileRef = AF278EB72AAFAC7E0095DA92 /* Kodchasan-MediumItalic.ttf */; };
		AF278EC52AB09B6B0095DA92 /* PalavraDoDia.swift in Sources */ = {isa = PBXBuildFile; fileRef = AF278EC42AB09B6B0095DA92 /* PalavraDoDia.swift */; };
		AF6C18DF2A9FBCEF00D0A089 /* novaApp.swift in Sources */ = {isa = PBXBuildFile; fileRef = AF6C18DE2A9FBCEF00D0A089 /* novaApp.swift */; };
		AF6C18E32A9FBCF000D0A089 /* Assets.xcassets in Resources */ = {isa = PBXBuildFile; fileRef = AF6C18E22A9FBCF000D0A089 /* Assets.xcassets */; };
		AF6C18E62A9FBCF000D0A089 /* Preview Assets.xcassets in Resources */ = {isa = PBXBuildFile; fileRef = AF6C18E52A9FBCF000D0A089 /* Preview Assets.xcassets */; };
		AF6C18F12A9FBF5800D0A089 /* GoogleService-Info.plist in Resources */ = {isa = PBXBuildFile; fileRef = AF6C18F02A9FBF5800D0A089 /* GoogleService-Info.plist */; };
		AF6C192C2A9FD38400D0A089 /* DatabaseManager.swift in Sources */ = {isa = PBXBuildFile; fileRef = AF6C192B2A9FD38300D0A089 /* DatabaseManager.swift */; };
		AF6C19302A9FE0CC00D0A089 /* CreatePrincipal.swift in Sources */ = {isa = PBXBuildFile; fileRef = AF6C192F2A9FE0CC00D0A089 /* CreatePrincipal.swift */; };
		AF7460682AB22BA400C84A11 /* CosntelacaoScene.swift in Sources */ = {isa = PBXBuildFile; fileRef = AF7460672AB22BA400C84A11 /* CosntelacaoScene.swift */; };
		AF7F2D5F2AA1287200F361F9 /* Reflexao.swift in Sources */ = {isa = PBXBuildFile; fileRef = AF7F2D5E2AA1287200F361F9 /* Reflexao.swift */; };
		AF9FAE022AA9108700DE8FAE /* SubDescripitionVIew.swift in Sources */ = {isa = PBXBuildFile; fileRef = AF9FAE012AA9108700DE8FAE /* SubDescripitionVIew.swift */; };
		AF9FAE142AABD50C00DE8FAE /* NotificationManager.swift in Sources */ = {isa = PBXBuildFile; fileRef = AF9FAE132AABD50C00DE8FAE /* NotificationManager.swift */; };
		AFA55EF02AA1675E00163AB9 /* Estrela.swift in Sources */ = {isa = PBXBuildFile; fileRef = AFA55EEF2AA1675E00163AB9 /* Estrela.swift */; };
		AFA55EF22AA25A3B00163AB9 /* Manager.swift in Sources */ = {isa = PBXBuildFile; fileRef = AFA55EF12AA25A3B00163AB9 /* Manager.swift */; };
		AFA55EF42AA65DDB00163AB9 /* PrincipalDescriptionView.swift in Sources */ = {isa = PBXBuildFile; fileRef = AFA55EF32AA65DDB00163AB9 /* PrincipalDescriptionView.swift */; };
		AFA55EF72AA80AD100163AB9 /* CardsView.swift in Sources */ = {isa = PBXBuildFile; fileRef = AFA55EF62AA80AD100163AB9 /* CardsView.swift */; };
		AFA55EF92AA80FD300163AB9 /* SubCreateView.swift in Sources */ = {isa = PBXBuildFile; fileRef = AFA55EF82AA80FD300163AB9 /* SubCreateView.swift */; };
		AFF35E162AB144C9000F71C6 /* Onboarding1.swift in Sources */ = {isa = PBXBuildFile; fileRef = AFF35E122AB144C9000F71C6 /* Onboarding1.swift */; };
		AFF35E172AB144C9000F71C6 /* InicialLoanding.swift in Sources */ = {isa = PBXBuildFile; fileRef = AFF35E132AB144C9000F71C6 /* InicialLoanding.swift */; };
		AFF35E182AB144C9000F71C6 /* Onboarding3.swift in Sources */ = {isa = PBXBuildFile; fileRef = AFF35E142AB144C9000F71C6 /* Onboarding3.swift */; };
		AFF35E192AB144C9000F71C6 /* Onboarding2.swift in Sources */ = {isa = PBXBuildFile; fileRef = AFF35E152AB144C9000F71C6 /* Onboarding2.swift */; };
		AFF35E1D2AB14612000F71C6 /* song.swift in Sources */ = {isa = PBXBuildFile; fileRef = AFF35E1C2AB14611000F71C6 /* song.swift */; };
		AFF35E212AB14712000F71C6 /* ContentView.swift in Sources */ = {isa = PBXBuildFile; fileRef = AFF35E202AB14712000F71C6 /* ContentView.swift */; };
/* End PBXBuildFile section */

/* Begin PBXFileReference section */
		A9587CF02AB3290E006E9DED /* OnBoarding4.swift */ = {isa = PBXFileReference; lastKnownFileType = sourcecode.swift; path = OnBoarding4.swift; sourceTree = "<group>"; };
		A9C36F3E2AB1D156005854C8 /* CosntelacaoScene.swift */ = {isa = PBXFileReference; fileEncoding = 4; lastKnownFileType = sourcecode.swift; path = CosntelacaoScene.swift; sourceTree = "<group>"; };
		A9C36F412AB1D54A005854C8 /* swipeF.mp3 */ = {isa = PBXFileReference; lastKnownFileType = audio.mp3; path = swipeF.mp3; sourceTree = "<group>"; };
		A9C36F422AB1D54A005854C8 /* swipe1.mp3 */ = {isa = PBXFileReference; lastKnownFileType = audio.mp3; path = swipe1.mp3; sourceTree = "<group>"; };
		A9C36F432AB1D54A005854C8 /* long.mp3 */ = {isa = PBXFileReference; lastKnownFileType = audio.mp3; path = long.mp3; sourceTree = "<group>"; };
		A9C36F442AB1D54A005854C8 /* base2.mp3 */ = {isa = PBXFileReference; lastKnownFileType = audio.mp3; path = base2.mp3; sourceTree = "<group>"; };
		A9C36F452AB1D54A005854C8 /* base1.mp3 */ = {isa = PBXFileReference; lastKnownFileType = audio.mp3; path = base1.mp3; sourceTree = "<group>"; };
		A9C36F462AB1D54A005854C8 /* piano.mp3 */ = {isa = PBXFileReference; lastKnownFileType = audio.mp3; path = piano.mp3; sourceTree = "<group>"; };
		A9C36F472AB1D54B005854C8 /* rootNote.mp3 */ = {isa = PBXFileReference; lastKnownFileType = audio.mp3; path = rootNote.mp3; sourceTree = "<group>"; };
		AF278EAC2AAFA9220095DA92 /* Kodchasan-Bold.ttf */ = {isa = PBXFileReference; lastKnownFileType = file; path = "Kodchasan-Bold.ttf"; sourceTree = "<group>"; };
		AF278EAD2AAFAC7D0095DA92 /* Kodchasan-ExtraLight.ttf */ = {isa = PBXFileReference; lastKnownFileType = file; path = "Kodchasan-ExtraLight.ttf"; sourceTree = "<group>"; };
		AF278EAE2AAFAC7D0095DA92 /* Kodchasan-ExtraLightItalic.ttf */ = {isa = PBXFileReference; lastKnownFileType = file; path = "Kodchasan-ExtraLightItalic.ttf"; sourceTree = "<group>"; };
		AF278EAF2AAFAC7D0095DA92 /* Kodchasan-Italic.ttf */ = {isa = PBXFileReference; lastKnownFileType = file; path = "Kodchasan-Italic.ttf"; sourceTree = "<group>"; };
		AF278EB02AAFAC7D0095DA92 /* Kodchasan-BoldItalic.ttf */ = {isa = PBXFileReference; lastKnownFileType = file; path = "Kodchasan-BoldItalic.ttf"; sourceTree = "<group>"; };
		AF278EB12AAFAC7D0095DA92 /* Kodchasan-Light.ttf */ = {isa = PBXFileReference; lastKnownFileType = file; path = "Kodchasan-Light.ttf"; sourceTree = "<group>"; };
		AF278EB22AAFAC7D0095DA92 /* Kodchasan-SemiBold.ttf */ = {isa = PBXFileReference; lastKnownFileType = file; path = "Kodchasan-SemiBold.ttf"; sourceTree = "<group>"; };
		AF278EB32AAFAC7D0095DA92 /* Kodchasan-SemiBoldItalic.ttf */ = {isa = PBXFileReference; lastKnownFileType = file; path = "Kodchasan-SemiBoldItalic.ttf"; sourceTree = "<group>"; };
		AF278EB42AAFAC7E0095DA92 /* Kodchasan-LightItalic.ttf */ = {isa = PBXFileReference; lastKnownFileType = file; path = "Kodchasan-LightItalic.ttf"; sourceTree = "<group>"; };
		AF278EB52AAFAC7E0095DA92 /* Kodchasan-Regular.ttf */ = {isa = PBXFileReference; lastKnownFileType = file; path = "Kodchasan-Regular.ttf"; sourceTree = "<group>"; };
		AF278EB62AAFAC7E0095DA92 /* Kodchasan-Medium.ttf */ = {isa = PBXFileReference; lastKnownFileType = file; path = "Kodchasan-Medium.ttf"; sourceTree = "<group>"; };
		AF278EB72AAFAC7E0095DA92 /* Kodchasan-MediumItalic.ttf */ = {isa = PBXFileReference; lastKnownFileType = file; path = "Kodchasan-MediumItalic.ttf"; sourceTree = "<group>"; };
		AF278EC42AB09B6B0095DA92 /* PalavraDoDia.swift */ = {isa = PBXFileReference; lastKnownFileType = sourcecode.swift; path = PalavraDoDia.swift; sourceTree = "<group>"; };
		AF6C18DB2A9FBCEF00D0A089 /* nova.app */ = {isa = PBXFileReference; explicitFileType = wrapper.application; includeInIndex = 0; path = nova.app; sourceTree = BUILT_PRODUCTS_DIR; };
		AF6C18DE2A9FBCEF00D0A089 /* novaApp.swift */ = {isa = PBXFileReference; lastKnownFileType = sourcecode.swift; path = novaApp.swift; sourceTree = "<group>"; };
		AF6C18E22A9FBCF000D0A089 /* Assets.xcassets */ = {isa = PBXFileReference; lastKnownFileType = folder.assetcatalog; path = Assets.xcassets; sourceTree = "<group>"; };
		AF6C18E52A9FBCF000D0A089 /* Preview Assets.xcassets */ = {isa = PBXFileReference; lastKnownFileType = folder.assetcatalog; path = "Preview Assets.xcassets"; sourceTree = "<group>"; };
		AF6C18F02A9FBF5800D0A089 /* GoogleService-Info.plist */ = {isa = PBXFileReference; fileEncoding = 4; lastKnownFileType = text.plist.xml; path = "GoogleService-Info.plist"; sourceTree = "<group>"; };
		AF6C192B2A9FD38300D0A089 /* DatabaseManager.swift */ = {isa = PBXFileReference; lastKnownFileType = sourcecode.swift; path = DatabaseManager.swift; sourceTree = "<group>"; };
		AF6C192F2A9FE0CC00D0A089 /* CreatePrincipal.swift */ = {isa = PBXFileReference; lastKnownFileType = sourcecode.swift; path = CreatePrincipal.swift; sourceTree = "<group>"; };
		AF7460672AB22BA400C84A11 /* CosntelacaoScene.swift */ = {isa = PBXFileReference; fileEncoding = 4; lastKnownFileType = sourcecode.swift; path = CosntelacaoScene.swift; sourceTree = "<group>"; };
		AF7F2D5E2AA1287200F361F9 /* Reflexao.swift */ = {isa = PBXFileReference; lastKnownFileType = sourcecode.swift; path = Reflexao.swift; sourceTree = "<group>"; };
		AF9FAE012AA9108700DE8FAE /* SubDescripitionVIew.swift */ = {isa = PBXFileReference; lastKnownFileType = sourcecode.swift; path = SubDescripitionVIew.swift; sourceTree = "<group>"; };
		AF9FAE122AAB8C1300DE8FAE /* Info.plist */ = {isa = PBXFileReference; lastKnownFileType = text.plist; path = Info.plist; sourceTree = "<group>"; };
		AF9FAE132AABD50C00DE8FAE /* NotificationManager.swift */ = {isa = PBXFileReference; lastKnownFileType = sourcecode.swift; path = NotificationManager.swift; sourceTree = "<group>"; };
		AFA55EEF2AA1675E00163AB9 /* Estrela.swift */ = {isa = PBXFileReference; lastKnownFileType = sourcecode.swift; path = Estrela.swift; sourceTree = "<group>"; };
		AFA55EF12AA25A3B00163AB9 /* Manager.swift */ = {isa = PBXFileReference; lastKnownFileType = sourcecode.swift; path = Manager.swift; sourceTree = "<group>"; };
		AFA55EF32AA65DDB00163AB9 /* PrincipalDescriptionView.swift */ = {isa = PBXFileReference; lastKnownFileType = sourcecode.swift; path = PrincipalDescriptionView.swift; sourceTree = "<group>"; };
		AFA55EF62AA80AD100163AB9 /* CardsView.swift */ = {isa = PBXFileReference; lastKnownFileType = sourcecode.swift; path = CardsView.swift; sourceTree = "<group>"; };
		AFA55EF82AA80FD300163AB9 /* SubCreateView.swift */ = {isa = PBXFileReference; lastKnownFileType = sourcecode.swift; path = SubCreateView.swift; sourceTree = "<group>"; };
		AFF35E122AB144C9000F71C6 /* Onboarding1.swift */ = {isa = PBXFileReference; fileEncoding = 4; lastKnownFileType = sourcecode.swift; path = Onboarding1.swift; sourceTree = "<group>"; };
		AFF35E132AB144C9000F71C6 /* InicialLoanding.swift */ = {isa = PBXFileReference; fileEncoding = 4; lastKnownFileType = sourcecode.swift; path = InicialLoanding.swift; sourceTree = "<group>"; };
		AFF35E142AB144C9000F71C6 /* Onboarding3.swift */ = {isa = PBXFileReference; fileEncoding = 4; lastKnownFileType = sourcecode.swift; path = Onboarding3.swift; sourceTree = "<group>"; };
		AFF35E152AB144C9000F71C6 /* Onboarding2.swift */ = {isa = PBXFileReference; fileEncoding = 4; lastKnownFileType = sourcecode.swift; path = Onboarding2.swift; sourceTree = "<group>"; };
		AFF35E1C2AB14611000F71C6 /* song.swift */ = {isa = PBXFileReference; fileEncoding = 4; lastKnownFileType = sourcecode.swift; path = song.swift; sourceTree = "<group>"; };
		AFF35E202AB14712000F71C6 /* ContentView.swift */ = {isa = PBXFileReference; fileEncoding = 4; lastKnownFileType = sourcecode.swift; path = ContentView.swift; sourceTree = "<group>"; };
/* End PBXFileReference section */

/* Begin PBXFrameworksBuildPhase section */
		AF6C18D82A9FBCEF00D0A089 /* Frameworks */ = {
			isa = PBXFrameworksBuildPhase;
			buildActionMask = 2147483647;
			files = (
			);
			runOnlyForDeploymentPostprocessing = 0;
		};
/* End PBXFrameworksBuildPhase section */

/* Begin PBXGroup section */
		A9C36F402AB1D535005854C8 /* Music */ = {
			isa = PBXGroup;
			children = (
				A9C36F452AB1D54A005854C8 /* base1.mp3 */,
				A9C36F442AB1D54A005854C8 /* base2.mp3 */,
				A9C36F432AB1D54A005854C8 /* long.mp3 */,
				A9C36F462AB1D54A005854C8 /* piano.mp3 */,
				A9C36F472AB1D54B005854C8 /* rootNote.mp3 */,
				A9C36F422AB1D54A005854C8 /* swipe1.mp3 */,
				A9C36F412AB1D54A005854C8 /* swipeF.mp3 */,
			);
			path = Music;
			sourceTree = "<group>";
		};
		AF278EC32AAFB0450095DA92 /* Font */ = {
			isa = PBXGroup;
			children = (
				AF278EAC2AAFA9220095DA92 /* Kodchasan-Bold.ttf */,
				AF278EB02AAFAC7D0095DA92 /* Kodchasan-BoldItalic.ttf */,
				AF278EAD2AAFAC7D0095DA92 /* Kodchasan-ExtraLight.ttf */,
				AF278EAE2AAFAC7D0095DA92 /* Kodchasan-ExtraLightItalic.ttf */,
				AF278EAF2AAFAC7D0095DA92 /* Kodchasan-Italic.ttf */,
				AF278EB12AAFAC7D0095DA92 /* Kodchasan-Light.ttf */,
				AF278EB42AAFAC7E0095DA92 /* Kodchasan-LightItalic.ttf */,
				AF278EB62AAFAC7E0095DA92 /* Kodchasan-Medium.ttf */,
				AF278EB72AAFAC7E0095DA92 /* Kodchasan-MediumItalic.ttf */,
				AF278EB52AAFAC7E0095DA92 /* Kodchasan-Regular.ttf */,
				AF278EB22AAFAC7D0095DA92 /* Kodchasan-SemiBold.ttf */,
				AF278EB32AAFAC7D0095DA92 /* Kodchasan-SemiBoldItalic.ttf */,
			);
			path = Font;
			sourceTree = "<group>";
		};
		AF6C18D22A9FBCEF00D0A089 = {
			isa = PBXGroup;
			children = (
				AF6C18DD2A9FBCEF00D0A089 /* nova */,
				AF6C18DC2A9FBCEF00D0A089 /* Products */,
				AF7460662AB22AE500C84A11 /* Recovered References */,
			);
			sourceTree = "<group>";
		};
		AF6C18DC2A9FBCEF00D0A089 /* Products */ = {
			isa = PBXGroup;
			children = (
				AF6C18DB2A9FBCEF00D0A089 /* nova.app */,
			);
			name = Products;
			sourceTree = "<group>";
		};
		AF6C18DD2A9FBCEF00D0A089 /* nova */ = {
			isa = PBXGroup;
			children = (
				A9C36F402AB1D535005854C8 /* Music */,
				AF278EC32AAFB0450095DA92 /* Font */,
				AF6C18DE2A9FBCEF00D0A089 /* novaApp.swift */,
				AF6C19502AA0D76E00D0A089 /* View */,
				AF6C19332AA0D51400D0A089 /* Model */,
				AFA55EF52AA7A9C400163AB9 /* Controller */,
				AF6C18F02A9FBF5800D0A089 /* GoogleService-Info.plist */,
				AF9FAE122AAB8C1300DE8FAE /* Info.plist */,
				AF6C18E22A9FBCF000D0A089 /* Assets.xcassets */,
				AF6C18E42A9FBCF000D0A089 /* Preview Content */,
			);
			path = nova;
			sourceTree = "<group>";
		};
		AF6C18E42A9FBCF000D0A089 /* Preview Content */ = {
			isa = PBXGroup;
			children = (
				AF6C18E52A9FBCF000D0A089 /* Preview Assets.xcassets */,
			);
			path = "Preview Content";
			sourceTree = "<group>";
		};
		AF6C19332AA0D51400D0A089 /* Model */ = {
			isa = PBXGroup;
			children = (
				AF7F2D5E2AA1287200F361F9 /* Reflexao.swift */,
				AFA55EEF2AA1675E00163AB9 /* Estrela.swift */,
				AF278EC42AB09B6B0095DA92 /* PalavraDoDia.swift */,
			);
			path = Model;
			sourceTree = "<group>";
		};
		AF6C19502AA0D76E00D0A089 /* View */ = {
			isa = PBXGroup;
			children = (
				AF7460672AB22BA400C84A11 /* CosntelacaoScene.swift */,
				AFF35E132AB144C9000F71C6 /* InicialLoanding.swift */,
				AFF35E122AB144C9000F71C6 /* Onboarding1.swift */,
				AFF35E152AB144C9000F71C6 /* Onboarding2.swift */,
				AFF35E142AB144C9000F71C6 /* Onboarding3.swift */,
				A9587CF02AB3290E006E9DED /* OnBoarding4.swift */,
				AFF35E202AB14712000F71C6 /* ContentView.swift */,
				AFA55EF62AA80AD100163AB9 /* CardsView.swift */,
				AF6C192F2A9FE0CC00D0A089 /* CreatePrincipal.swift */,
				AFA55EF82AA80FD300163AB9 /* SubCreateView.swift */,
				AFA55EF32AA65DDB00163AB9 /* PrincipalDescriptionView.swift */,
				AF9FAE012AA9108700DE8FAE /* SubDescripitionVIew.swift */,
			);
			path = View;
			sourceTree = "<group>";
		};
		AF7460662AB22AE500C84A11 /* Recovered References */ = {
			isa = PBXGroup;
			children = (
				A9C36F3E2AB1D156005854C8 /* CosntelacaoScene.swift */,
			);
			name = "Recovered References";
			sourceTree = "<group>";
		};
		AFA55EF52AA7A9C400163AB9 /* Controller */ = {
			isa = PBXGroup;
			children = (
				AFF35E1C2AB14611000F71C6 /* song.swift */,
				AF6C192B2A9FD38300D0A089 /* DatabaseManager.swift */,
				AFA55EF12AA25A3B00163AB9 /* Manager.swift */,
				AF9FAE132AABD50C00DE8FAE /* NotificationManager.swift */,
			);
			path = Controller;
			sourceTree = "<group>";
		};
/* End PBXGroup section */

/* Begin PBXNativeTarget section */
		AF6C18DA2A9FBCEF00D0A089 /* nova */ = {
			isa = PBXNativeTarget;
			buildConfigurationList = AF6C18E92A9FBCF000D0A089 /* Build configuration list for PBXNativeTarget "nova" */;
			buildPhases = (
				AF6C18D72A9FBCEF00D0A089 /* Sources */,
				AF6C18D82A9FBCEF00D0A089 /* Frameworks */,
				AF6C18D92A9FBCEF00D0A089 /* Resources */,
			);
			buildRules = (
			);
			dependencies = (
			);
			name = nova;
			packageProductDependencies = (
			);
			productName = nova;
			productReference = AF6C18DB2A9FBCEF00D0A089 /* nova.app */;
			productType = "com.apple.product-type.application";
		};
/* End PBXNativeTarget section */

/* Begin PBXProject section */
		AF6C18D32A9FBCEF00D0A089 /* Project object */ = {
			isa = PBXProject;
			attributes = {
				BuildIndependentTargetsInParallel = 1;
				LastSwiftUpdateCheck = 1430;
				LastUpgradeCheck = 1430;
				TargetAttributes = {
					AF6C18DA2A9FBCEF00D0A089 = {
						CreatedOnToolsVersion = 14.3.1;
					};
				};
			};
			buildConfigurationList = AF6C18D62A9FBCEF00D0A089 /* Build configuration list for PBXProject "nova" */;
			compatibilityVersion = "Xcode 14.0";
			developmentRegion = en;
			hasScannedForEncodings = 0;
			knownRegions = (
				en,
				Base,
			);
			mainGroup = AF6C18D22A9FBCEF00D0A089;
			packageReferences = (
			);
			productRefGroup = AF6C18DC2A9FBCEF00D0A089 /* Products */;
			projectDirPath = "";
			projectRoot = "";
			targets = (
				AF6C18DA2A9FBCEF00D0A089 /* nova */,
			);
		};
/* End PBXProject section */

/* Begin PBXResourcesBuildPhase section */
		AF6C18D92A9FBCEF00D0A089 /* Resources */ = {
			isa = PBXResourcesBuildPhase;
			buildActionMask = 2147483647;
			files = (
				AF278EC22AAFAC7E0095DA92 /* Kodchasan-MediumItalic.ttf in Resources */,
				AF278EC12AAFAC7E0095DA92 /* Kodchasan-Medium.ttf in Resources */,
				AF278EC02AAFAC7E0095DA92 /* Kodchasan-Regular.ttf in Resources */,
				AF278EBC2AAFAC7E0095DA92 /* Kodchasan-Light.ttf in Resources */,
				A9C36F4B2AB1D54B005854C8 /* base2.mp3 in Resources */,
				AF278EBF2AAFAC7E0095DA92 /* Kodchasan-LightItalic.ttf in Resources */,
				A9C36F4E2AB1D54B005854C8 /* rootNote.mp3 in Resources */,
				AF6C18E62A9FBCF000D0A089 /* Preview Assets.xcassets in Resources */,
				AF278EBA2AAFAC7E0095DA92 /* Kodchasan-Italic.ttf in Resources */,
				AF278EB92AAFAC7E0095DA92 /* Kodchasan-ExtraLightItalic.ttf in Resources */,
				AF278EBB2AAFAC7E0095DA92 /* Kodchasan-BoldItalic.ttf in Resources */,
				AF278EB82AAFAC7E0095DA92 /* Kodchasan-ExtraLight.ttf in Resources */,
				A9C36F4C2AB1D54B005854C8 /* base1.mp3 in Resources */,
				A9C36F482AB1D54B005854C8 /* swipeF.mp3 in Resources */,
				AF6C18E32A9FBCF000D0A089 /* Assets.xcassets in Resources */,
				AF278EBD2AAFAC7E0095DA92 /* Kodchasan-SemiBold.ttf in Resources */,
				A9C36F4D2AB1D54B005854C8 /* piano.mp3 in Resources */,
				AF278EBE2AAFAC7E0095DA92 /* Kodchasan-SemiBoldItalic.ttf in Resources */,
				A9C36F492AB1D54B005854C8 /* swipe1.mp3 in Resources */,
				AF6C18F12A9FBF5800D0A089 /* GoogleService-Info.plist in Resources */,
				A9C36F4A2AB1D54B005854C8 /* long.mp3 in Resources */,
			);
			runOnlyForDeploymentPostprocessing = 0;
		};
/* End PBXResourcesBuildPhase section */

/* Begin PBXSourcesBuildPhase section */
		AF6C18D72A9FBCEF00D0A089 /* Sources */ = {
			isa = PBXSourcesBuildPhase;
			buildActionMask = 2147483647;
			files = (
				AFA55EF02AA1675E00163AB9 /* Estrela.swift in Sources */,
				AF6C192C2A9FD38400D0A089 /* DatabaseManager.swift in Sources */,
				AFA55EF42AA65DDB00163AB9 /* PrincipalDescriptionView.swift in Sources */,
				AF6C19302A9FE0CC00D0A089 /* CreatePrincipal.swift in Sources */,
				AFF35E172AB144C9000F71C6 /* InicialLoanding.swift in Sources */,
				AFF35E1D2AB14612000F71C6 /* song.swift in Sources */,
				AF6C18DF2A9FBCEF00D0A089 /* novaApp.swift in Sources */,
				AFF35E212AB14712000F71C6 /* ContentView.swift in Sources */,
				AF9FAE142AABD50C00DE8FAE /* NotificationManager.swift in Sources */,
				AFA55EF72AA80AD100163AB9 /* CardsView.swift in Sources */,
				AFF35E192AB144C9000F71C6 /* Onboarding2.swift in Sources */,
				A9587CF12AB3290E006E9DED /* OnBoarding4.swift in Sources */,
				AF278EC52AB09B6B0095DA92 /* PalavraDoDia.swift in Sources */,
				AFA55EF22AA25A3B00163AB9 /* Manager.swift in Sources */,
				AFA55EF92AA80FD300163AB9 /* SubCreateView.swift in Sources */,
				AFF35E162AB144C9000F71C6 /* Onboarding1.swift in Sources */,
				AF7460682AB22BA400C84A11 /* CosntelacaoScene.swift in Sources */,
				AF9FAE022AA9108700DE8FAE /* SubDescripitionVIew.swift in Sources */,
				AF7F2D5F2AA1287200F361F9 /* Reflexao.swift in Sources */,
				AFF35E182AB144C9000F71C6 /* Onboarding3.swift in Sources */,
			);
			runOnlyForDeploymentPostprocessing = 0;
		};
/* End PBXSourcesBuildPhase section */

/* Begin XCBuildConfiguration section */
		AF6C18E72A9FBCF000D0A089 /* Debug */ = {
			isa = XCBuildConfiguration;
			buildSettings = {
				ALWAYS_SEARCH_USER_PATHS = NO;
				CLANG_ANALYZER_NONNULL = YES;
				CLANG_ANALYZER_NUMBER_OBJECT_CONVERSION = YES_AGGRESSIVE;
				CLANG_CXX_LANGUAGE_STANDARD = "gnu++20";
				CLANG_ENABLE_MODULES = YES;
				CLANG_ENABLE_OBJC_ARC = YES;
				CLANG_ENABLE_OBJC_WEAK = YES;
				CLANG_WARN_BLOCK_CAPTURE_AUTORELEASING = YES;
				CLANG_WARN_BOOL_CONVERSION = YES;
				CLANG_WARN_COMMA = YES;
				CLANG_WARN_CONSTANT_CONVERSION = YES;
				CLANG_WARN_DEPRECATED_OBJC_IMPLEMENTATIONS = YES;
				CLANG_WARN_DIRECT_OBJC_ISA_USAGE = YES_ERROR;
				CLANG_WARN_DOCUMENTATION_COMMENTS = YES;
				CLANG_WARN_EMPTY_BODY = YES;
				CLANG_WARN_ENUM_CONVERSION = YES;
				CLANG_WARN_INFINITE_RECURSION = YES;
				CLANG_WARN_INT_CONVERSION = YES;
				CLANG_WARN_NON_LITERAL_NULL_CONVERSION = YES;
				CLANG_WARN_OBJC_IMPLICIT_RETAIN_SELF = YES;
				CLANG_WARN_OBJC_LITERAL_CONVERSION = YES;
				CLANG_WARN_OBJC_ROOT_CLASS = YES_ERROR;
				CLANG_WARN_QUOTED_INCLUDE_IN_FRAMEWORK_HEADER = YES;
				CLANG_WARN_RANGE_LOOP_ANALYSIS = YES;
				CLANG_WARN_STRICT_PROTOTYPES = YES;
				CLANG_WARN_SUSPICIOUS_MOVE = YES;
				CLANG_WARN_UNGUARDED_AVAILABILITY = YES_AGGRESSIVE;
				CLANG_WARN_UNREACHABLE_CODE = YES;
				CLANG_WARN__DUPLICATE_METHOD_MATCH = YES;
				COPY_PHASE_STRIP = NO;
				DEBUG_INFORMATION_FORMAT = dwarf;
				ENABLE_STRICT_OBJC_MSGSEND = YES;
				ENABLE_TESTABILITY = YES;
				GCC_C_LANGUAGE_STANDARD = gnu11;
				GCC_DYNAMIC_NO_PIC = NO;
				GCC_NO_COMMON_BLOCKS = YES;
				GCC_OPTIMIZATION_LEVEL = 0;
				GCC_PREPROCESSOR_DEFINITIONS = (
					"DEBUG=1",
					"$(inherited)",
				);
				GCC_WARN_64_TO_32_BIT_CONVERSION = YES;
				GCC_WARN_ABOUT_RETURN_TYPE = YES_ERROR;
				GCC_WARN_UNDECLARED_SELECTOR = YES;
				GCC_WARN_UNINITIALIZED_AUTOS = YES_AGGRESSIVE;
				GCC_WARN_UNUSED_FUNCTION = YES;
				GCC_WARN_UNUSED_VARIABLE = YES;
				IPHONEOS_DEPLOYMENT_TARGET = 16.4;
				MTL_ENABLE_DEBUG_INFO = INCLUDE_SOURCE;
				MTL_FAST_MATH = YES;
				ONLY_ACTIVE_ARCH = YES;
				SDKROOT = iphoneos;
				SWIFT_ACTIVE_COMPILATION_CONDITIONS = DEBUG;
				SWIFT_OPTIMIZATION_LEVEL = "-Onone";
			};
			name = Debug;
		};
		AF6C18E82A9FBCF000D0A089 /* Release */ = {
			isa = XCBuildConfiguration;
			buildSettings = {
				ALWAYS_SEARCH_USER_PATHS = NO;
				CLANG_ANALYZER_NONNULL = YES;
				CLANG_ANALYZER_NUMBER_OBJECT_CONVERSION = YES_AGGRESSIVE;
				CLANG_CXX_LANGUAGE_STANDARD = "gnu++20";
				CLANG_ENABLE_MODULES = YES;
				CLANG_ENABLE_OBJC_ARC = YES;
				CLANG_ENABLE_OBJC_WEAK = YES;
				CLANG_WARN_BLOCK_CAPTURE_AUTORELEASING = YES;
				CLANG_WARN_BOOL_CONVERSION = YES;
				CLANG_WARN_COMMA = YES;
				CLANG_WARN_CONSTANT_CONVERSION = YES;
				CLANG_WARN_DEPRECATED_OBJC_IMPLEMENTATIONS = YES;
				CLANG_WARN_DIRECT_OBJC_ISA_USAGE = YES_ERROR;
				CLANG_WARN_DOCUMENTATION_COMMENTS = YES;
				CLANG_WARN_EMPTY_BODY = YES;
				CLANG_WARN_ENUM_CONVERSION = YES;
				CLANG_WARN_INFINITE_RECURSION = YES;
				CLANG_WARN_INT_CONVERSION = YES;
				CLANG_WARN_NON_LITERAL_NULL_CONVERSION = YES;
				CLANG_WARN_OBJC_IMPLICIT_RETAIN_SELF = YES;
				CLANG_WARN_OBJC_LITERAL_CONVERSION = YES;
				CLANG_WARN_OBJC_ROOT_CLASS = YES_ERROR;
				CLANG_WARN_QUOTED_INCLUDE_IN_FRAMEWORK_HEADER = YES;
				CLANG_WARN_RANGE_LOOP_ANALYSIS = YES;
				CLANG_WARN_STRICT_PROTOTYPES = YES;
				CLANG_WARN_SUSPICIOUS_MOVE = YES;
				CLANG_WARN_UNGUARDED_AVAILABILITY = YES_AGGRESSIVE;
				CLANG_WARN_UNREACHABLE_CODE = YES;
				CLANG_WARN__DUPLICATE_METHOD_MATCH = YES;
				COPY_PHASE_STRIP = NO;
				DEBUG_INFORMATION_FORMAT = "dwarf-with-dsym";
				ENABLE_NS_ASSERTIONS = NO;
				ENABLE_STRICT_OBJC_MSGSEND = YES;
				GCC_C_LANGUAGE_STANDARD = gnu11;
				GCC_NO_COMMON_BLOCKS = YES;
				GCC_WARN_64_TO_32_BIT_CONVERSION = YES;
				GCC_WARN_ABOUT_RETURN_TYPE = YES_ERROR;
				GCC_WARN_UNDECLARED_SELECTOR = YES;
				GCC_WARN_UNINITIALIZED_AUTOS = YES_AGGRESSIVE;
				GCC_WARN_UNUSED_FUNCTION = YES;
				GCC_WARN_UNUSED_VARIABLE = YES;
				IPHONEOS_DEPLOYMENT_TARGET = 16.4;
				MTL_ENABLE_DEBUG_INFO = NO;
				MTL_FAST_MATH = YES;
				SDKROOT = iphoneos;
				SWIFT_COMPILATION_MODE = wholemodule;
				SWIFT_OPTIMIZATION_LEVEL = "-O";
				VALIDATE_PRODUCT = YES;
			};
			name = Release;
		};
		AF6C18EA2A9FBCF000D0A089 /* Debug */ = {
			isa = XCBuildConfiguration;
			buildSettings = {
				ASSETCATALOG_COMPILER_APPICON_NAME = AppIcon;
				ASSETCATALOG_COMPILER_GLOBAL_ACCENT_COLOR_NAME = AccentColor;
				ASSETCATALOG_COMPILER_INCLUDE_ALL_APPICON_ASSETS = YES;
				CODE_SIGN_STYLE = Automatic;
				CURRENT_PROJECT_VERSION = 1;
				DEVELOPMENT_ASSET_PATHS = "\"nova/Preview Content\"";
				DEVELOPMENT_TEAM = L2AH2M48T4;
				ENABLE_PREVIEWS = YES;
				GENERATE_INFOPLIST_FILE = YES;
				INFOPLIST_FILE = nova/Info.plist;
				INFOPLIST_KEY_LSApplicationCategoryType = "public.app-category.lifestyle";
				INFOPLIST_KEY_UIApplicationSceneManifest_Generation = YES;
				INFOPLIST_KEY_UIApplicationSupportsIndirectInputEvents = YES;
				INFOPLIST_KEY_UILaunchScreen_Generation = YES;
				INFOPLIST_KEY_UIStatusBarStyle = UIStatusBarStyleLightContent;
				INFOPLIST_KEY_UISupportedInterfaceOrientations = UIInterfaceOrientationPortrait;
				INFOPLIST_KEY_UISupportedInterfaceOrientations_iPad = "UIInterfaceOrientationLandscapeLeft UIInterfaceOrientationLandscapeRight UIInterfaceOrientationPortrait UIInterfaceOrientationPortraitUpsideDown";
				IPHONEOS_DEPLOYMENT_TARGET = 16.0;
				LD_RUNPATH_SEARCH_PATHS = (
					"$(inherited)",
					"@executable_path/Frameworks",
				);
				MARKETING_VERSION = 1.1;
				PRODUCT_BUNDLE_IDENTIFIER = academy.andrewozniack.nova;
				PRODUCT_NAME = "$(TARGET_NAME)";
				SUPPORTED_PLATFORMS = "iphoneos iphonesimulator";
				SUPPORTS_MACCATALYST = NO;
				SUPPORTS_MAC_DESIGNED_FOR_IPHONE_IPAD = NO;
				SWIFT_EMIT_LOC_STRINGS = YES;
				SWIFT_VERSION = 5.0;
				TARGETED_DEVICE_FAMILY = 1;
			};
			name = Debug;
		};
		AF6C18EB2A9FBCF000D0A089 /* Release */ = {
			isa = XCBuildConfiguration;
			buildSettings = {
				ASSETCATALOG_COMPILER_APPICON_NAME = AppIcon;
				ASSETCATALOG_COMPILER_GLOBAL_ACCENT_COLOR_NAME = AccentColor;
				ASSETCATALOG_COMPILER_INCLUDE_ALL_APPICON_ASSETS = YES;
				CODE_SIGN_STYLE = Automatic;
				CURRENT_PROJECT_VERSION = 1;
				DEVELOPMENT_ASSET_PATHS = "\"nova/Preview Content\"";
				DEVELOPMENT_TEAM = L2AH2M48T4;
				ENABLE_PREVIEWS = YES;
				GENERATE_INFOPLIST_FILE = YES;
				INFOPLIST_FILE = nova/Info.plist;
				INFOPLIST_KEY_LSApplicationCategoryType = "public.app-category.lifestyle";
				INFOPLIST_KEY_UIApplicationSceneManifest_Generation = YES;
				INFOPLIST_KEY_UIApplicationSupportsIndirectInputEvents = YES;
				INFOPLIST_KEY_UILaunchScreen_Generation = YES;
				INFOPLIST_KEY_UIStatusBarStyle = UIStatusBarStyleLightContent;
				INFOPLIST_KEY_UISupportedInterfaceOrientations = UIInterfaceOrientationPortrait;
				INFOPLIST_KEY_UISupportedInterfaceOrientations_iPad = "UIInterfaceOrientationLandscapeLeft UIInterfaceOrientationLandscapeRight UIInterfaceOrientationPortrait UIInterfaceOrientationPortraitUpsideDown";
				IPHONEOS_DEPLOYMENT_TARGET = 16.0;
				LD_RUNPATH_SEARCH_PATHS = (
					"$(inherited)",
					"@executable_path/Frameworks",
				);
				MARKETING_VERSION = 1.1;
				PRODUCT_BUNDLE_IDENTIFIER = academy.andrewozniack.nova;
				PRODUCT_NAME = "$(TARGET_NAME)";
				SUPPORTED_PLATFORMS = "iphoneos iphonesimulator";
				SUPPORTS_MACCATALYST = NO;
				SUPPORTS_MAC_DESIGNED_FOR_IPHONE_IPAD = NO;
				SWIFT_EMIT_LOC_STRINGS = YES;
				SWIFT_VERSION = 5.0;
				TARGETED_DEVICE_FAMILY = 1;
			};
			name = Release;
		};
/* End XCBuildConfiguration section */

/* Begin XCConfigurationList section */
		AF6C18D62A9FBCEF00D0A089 /* Build configuration list for PBXProject "nova" */ = {
			isa = XCConfigurationList;
			buildConfigurations = (
				AF6C18E72A9FBCF000D0A089 /* Debug */,
				AF6C18E82A9FBCF000D0A089 /* Release */,
			);
			defaultConfigurationIsVisible = 0;
			defaultConfigurationName = Release;
		};
		AF6C18E92A9FBCF000D0A089 /* Build configuration list for PBXNativeTarget "nova" */ = {
			isa = XCConfigurationList;
			buildConfigurations = (
				AF6C18EA2A9FBCF000D0A089 /* Debug */,
				AF6C18EB2A9FBCF000D0A089 /* Release */,
			);
			defaultConfigurationIsVisible = 0;
			defaultConfigurationName = Release;
		};
/* End XCConfigurationList section */
	};
	rootObject = AF6C18D32A9FBCEF00D0A089 /* Project object */;
}
